
Microsoft Visual Studio Solution File, Format Version 12.00
# Visual Studio Version 16
VisualStudioVersion = 16.0.30717.126
MinimumVisualStudioVersion = 10.0.40219.1
Project("{FAE04EC0-301F-11D3-BF4B-00C04F79EFBC}") = "Metotlar", "Metotlar\Metotlar.csproj", "{A8B0995C-C2C7-4984-8C5D-05ED52247590}"
EndProject
Project("{FAE04EC0-301F-11D3-BF4B-00C04F79EFBC}") = "Matematik", "Matematik\Matematik.csproj", "{D131B201-4E70-443D-B4B0-A4DECF24704D}"
EndProject
Project("{FAE04EC0-301F-11D3-BF4B-00C04F79EFBC}") = "DegerVeReferansTipler", "DegerVeReferansTipler\DegerVeReferansTipler.csproj", "{7DB7A842-8804-4503-AC9D-E35CA41E075D}"
EndProject
Global
	GlobalSection(SolutionConfigurationPlatforms) = preSolution
		Debug|Any CPU = Debug|Any CPU
		Release|Any CPU = Release|Any CPU
	EndGlobalSection
	GlobalSection(ProjectConfigurationPlatforms) = postSolution
		{A8B0995C-C2C7-4984-8C5D-05ED52247590}.Debug|Any CPU.ActiveCfg = Debug|Any CPU
		{A8B0995C-C2C7-4984-8C5D-05ED52247590}.Debug|Any CPU.Build.0 = Debug|Any CPU
		{A8B0995C-C2C7-4984-8C5D-05ED52247590}.Release|Any CPU.ActiveCfg = Release|Any CPU
		{A8B0995C-C2C7-4984-8C5D-05ED52247590}.Release|Any CPU.Build.0 = Release|Any CPU
		{D131B201-4E70-443D-B4B0-A4DECF24704D}.Debug|Any CPU.ActiveCfg = Debug|Any CPU
		{D131B201-4E70-443D-B4B0-A4DECF24704D}.Debug|Any CPU.Build.0 = Debug|Any CPU
		{D131B201-4E70-443D-B4B0-A4DECF24704D}.Release|Any CPU.ActiveCfg = Release|Any CPU
		{D131B201-4E70-443D-B4B0-A4DECF24704D}.Release|Any CPU.Build.0 = Release|Any CPU
		{7DB7A842-8804-4503-AC9D-E35CA41E075D}.Debug|Any CPU.ActiveCfg = Debug|Any CPU
		{7DB7A842-8804-4503-AC9D-E35CA41E075D}.Debug|Any CPU.Build.0 = Debug|Any CPU
		{7DB7A842-8804-4503-AC9D-E35CA41E075D}.Release|Any CPU.ActiveCfg = Release|Any CPU
		{7DB7A842-8804-4503-AC9D-E35CA41E075D}.Release|Any CPU.Build.0 = Release|Any CPU
	EndGlobalSection
	GlobalSection(SolutionProperties) = preSolution
		HideSolutionNode = FALSE
	EndGlobalSection
	GlobalSection(ExtensibilityGlobals) = postSolution
		SolutionGuid = {33ECC89A-AE0D-441B-BA0C-E6567F4D7D26}
	EndGlobalSection
EndGlobal
